
Microsoft Visual Studio Solution File, Format Version 12.00
# Visual Studio 14
VisualStudioVersion = 14.0.25420.1
MinimumVisualStudioVersion = 10.0.40219.1
Project("{FAE04EC0-301F-11D3-BF4B-00C04F79EFBC}") = "NorthwindServiceLibrary", "NorthwindServiceLibrary\NorthwindServiceLibrary.csproj", "{9CE91BBB-8FEE-4210-A3B8-AE728B28CAC0}"
EndProject
Project("{FAE04EC0-301F-11D3-BF4B-00C04F79EFBC}") = "TestProject", "TestProject\TestProject.csproj", "{9EDC2826-8FF0-465C-ABE4-43D2AAD42ECB}"
	ProjectSection(ProjectDependencies) = postProject
		{9CE91BBB-8FEE-4210-A3B8-AE728B28CAC0} = {9CE91BBB-8FEE-4210-A3B8-AE728B28CAC0}
	EndProjectSection
EndProject
Project("{FAE04EC0-301F-11D3-BF4B-00C04F79EFBC}") = "NorthwindModel", "NorthwindModel\NorthwindModel.csproj", "{0FE1D98E-9D97-466C-8E3D-95FEEA6EA6F5}"
EndProject
Project("{FAE04EC0-301F-11D3-BF4B-00C04F79EFBC}") = "CategoriesApplication", "CategoriesApplication\CategoriesApplication.csproj", "{0AF72A52-C3CF-4176-A976-6E51A2926B27}"
	ProjectSection(ProjectDependencies) = postProject
		{A37EA566-B33A-4157-905D-206D67700BA4} = {A37EA566-B33A-4157-905D-206D67700BA4}
		{9CE91BBB-8FEE-4210-A3B8-AE728B28CAC0} = {9CE91BBB-8FEE-4210-A3B8-AE728B28CAC0}
	EndProjectSection
EndProject
Project("{FAE04EC0-301F-11D3-BF4B-00C04F79EFBC}") = "CallBackClient", "CallBackClient\CallBackClient.csproj", "{96625869-2530-4F9B-BE92-5152157EB018}"
	ProjectSection(ProjectDependencies) = postProject
		{9CE91BBB-8FEE-4210-A3B8-AE728B28CAC0} = {9CE91BBB-8FEE-4210-A3B8-AE728B28CAC0}
	EndProjectSection
EndProject
Project("{FAE04EC0-301F-11D3-BF4B-00C04F79EFBC}") = "IISHostWcfService", "HostWcfService\IISHostWcfService.csproj", "{A37EA566-B33A-4157-905D-206D67700BA4}"
EndProject
Global
	GlobalSection(SolutionConfigurationPlatforms) = preSolution
		Debug|Any CPU = Debug|Any CPU
		Release|Any CPU = Release|Any CPU
	EndGlobalSection
	GlobalSection(ProjectConfigurationPlatforms) = postSolution
		{9CE91BBB-8FEE-4210-A3B8-AE728B28CAC0}.Debug|Any CPU.ActiveCfg = Debug|Any CPU
		{9CE91BBB-8FEE-4210-A3B8-AE728B28CAC0}.Debug|Any CPU.Build.0 = Debug|Any CPU
		{9CE91BBB-8FEE-4210-A3B8-AE728B28CAC0}.Release|Any CPU.ActiveCfg = Release|Any CPU
		{9CE91BBB-8FEE-4210-A3B8-AE728B28CAC0}.Release|Any CPU.Build.0 = Release|Any CPU
		{9EDC2826-8FF0-465C-ABE4-43D2AAD42ECB}.Debug|Any CPU.ActiveCfg = Debug|Any CPU
		{9EDC2826-8FF0-465C-ABE4-43D2AAD42ECB}.Debug|Any CPU.Build.0 = Debug|Any CPU
		{9EDC2826-8FF0-465C-ABE4-43D2AAD42ECB}.Release|Any CPU.ActiveCfg = Release|Any CPU
		{9EDC2826-8FF0-465C-ABE4-43D2AAD42ECB}.Release|Any CPU.Build.0 = Release|Any CPU
		{0FE1D98E-9D97-466C-8E3D-95FEEA6EA6F5}.Debug|Any CPU.ActiveCfg = Debug|Any CPU
		{0FE1D98E-9D97-466C-8E3D-95FEEA6EA6F5}.Debug|Any CPU.Build.0 = Debug|Any CPU
		{0FE1D98E-9D97-466C-8E3D-95FEEA6EA6F5}.Release|Any CPU.ActiveCfg = Release|Any CPU
		{0FE1D98E-9D97-466C-8E3D-95FEEA6EA6F5}.Release|Any CPU.Build.0 = Release|Any CPU
		{0AF72A52-C3CF-4176-A976-6E51A2926B27}.Debug|Any CPU.ActiveCfg = Debug|Any CPU
		{0AF72A52-C3CF-4176-A976-6E51A2926B27}.Debug|Any CPU.Build.0 = Debug|Any CPU
		{0AF72A52-C3CF-4176-A976-6E51A2926B27}.Release|Any CPU.ActiveCfg = Release|Any CPU
		{0AF72A52-C3CF-4176-A976-6E51A2926B27}.Release|Any CPU.Build.0 = Release|Any CPU
		{96625869-2530-4F9B-BE92-5152157EB018}.Debug|Any CPU.ActiveCfg = Debug|Any CPU
		{96625869-2530-4F9B-BE92-5152157EB018}.Debug|Any CPU.Build.0 = Debug|Any CPU
		{96625869-2530-4F9B-BE92-5152157EB018}.Release|Any CPU.ActiveCfg = Release|Any CPU
		{96625869-2530-4F9B-BE92-5152157EB018}.Release|Any CPU.Build.0 = Release|Any CPU
		{A37EA566-B33A-4157-905D-206D67700BA4}.Debug|Any CPU.ActiveCfg = Debug|Any CPU
		{A37EA566-B33A-4157-905D-206D67700BA4}.Debug|Any CPU.Build.0 = Debug|Any CPU
		{A37EA566-B33A-4157-905D-206D67700BA4}.Release|Any CPU.ActiveCfg = Release|Any CPU
		{A37EA566-B33A-4157-905D-206D67700BA4}.Release|Any CPU.Build.0 = Release|Any CPU
	EndGlobalSection
	GlobalSection(SolutionProperties) = preSolution
		HideSolutionNode = FALSE
	EndGlobalSection
EndGlobal
